{
  "version": 4,
  "terraform_version": "1.11.4",
  "serial": 4,
  "lineage": "87f27176-cff7-bdfd-9265-f4e4e0766f12",
  "outputs": {
    "gsa_email": {
      "value": "app-gsa@tp-kubernetes-gke-479308.iam.gserviceaccount.com",
      "type": "string"
    }
  },
  "resources": [
    {
      "mode": "managed",
      "type": "google_service_account",
      "name": "app_gsa",
      "provider": "provider[\"registry.terraform.io/hashicorp/google\"]",
      "instances": [
        {
          "schema_version": 0,
          "attributes": {
            "account_id": "app-gsa",
            "create_ignore_already_exists": null,
            "description": "",
            "disabled": false,
            "display_name": "SA pour l'application GKE",
            "email": "app-gsa@tp-kubernetes-gke-479308.iam.gserviceaccount.com",
            "id": "projects/tp-kubernetes-gke-479308/serviceAccounts/app-gsa@tp-kubernetes-gke-479308.iam.gserviceaccount.com",
            "member": "serviceAccount:app-gsa@tp-kubernetes-gke-479308.iam.gserviceaccount.com",
            "name": "projects/tp-kubernetes-gke-479308/serviceAccounts/app-gsa@tp-kubernetes-gke-479308.iam.gserviceaccount.com",
            "project": "tp-kubernetes-gke-479308",
            "timeouts": null,
            "unique_id": "108010129675664770203"
          },
          "sensitive_attributes": [],
          "private": "eyJlMmJmYjczMC1lY2FhLTExZTYtOGY4OC0zNDM2M2JjN2M0YzAiOnsiY3JlYXRlIjozMDAwMDAwMDAwMDB9fQ=="
        }
      ]
    },
    {
      "mode": "managed",
      "type": "google_service_account_iam_member",
      "name": "gsa_binding",
      "provider": "provider[\"registry.terraform.io/hashicorp/google\"]",
      "instances": [
        {
          "schema_version": 0,
          "attributes": {
            "condition": [],
            "etag": "BwZF+tU+a/A=",
            "id": "projects/tp-kubernetes-gke-479308/serviceAccounts/app-gsa@tp-kubernetes-gke-479308.iam.gserviceaccount.com/roles/iam.workloadIdentityUser/serviceAccount:tp-kubernetes-gke-479308.svc.id.goog[default/app-ksa]",
            "member": "serviceAccount:tp-kubernetes-gke-479308.svc.id.goog[default/app-ksa]",
            "role": "roles/iam.workloadIdentityUser",
            "service_account_id": "projects/tp-kubernetes-gke-479308/serviceAccounts/app-gsa@tp-kubernetes-gke-479308.iam.gserviceaccount.com"
          },
          "sensitive_attributes": [],
          "private": "bnVsbA==",
          "dependencies": [
            "google_service_account.app_gsa"
          ]
        }
      ]
    }
  ],
  "check_results": null
}
